<?xml version="1.0" encoding="utf-8"?>
<Project ToolsVersion="4.0" xmlns="http://schemas.microsoft.com/developer/msbuild/2003">
  <ItemGroup>
    <ClCompile Include="models\views\CreateMonsterView.cpp" />
    <ClCompile Include="models\views\MenuView.cpp" />
    <ClCompile Include="models\controllers\MainController.cpp" />
    <ClCompile Include="models\monster\Monster.cpp" />
    <ClCompile Include="MonsterSimulator.cpp" />
    <ClCompile Include="models\monster\Race.cpp" />
    <ClCompile Include="models\utilities\StringUtility.cpp" />
    <ClCompile Include="libs\ConsoleViewController\utilities\Utility.cpp" />
    <ClCompile Include="libs\ConsoleViewController\view\interactive\objects\BasicButton.cpp" />
    <ClCompile Include="libs\ConsoleViewController\view\interactive\InteractiveObject.cpp" />
    <ClCompile Include="libs\ConsoleViewController\view\Image.cpp" />
    <ClCompile Include="libs\ConsoleViewController\view\Screen.cpp" />
    <ClCompile Include="libs\ConsoleViewController\view\interactive\objects\ImageButton.cpp" />
    <ClCompile Include="libs\ConsoleViewController\view\interactive\objects\IntField.cpp" />
    <ClCompile Include="libs\ConsoleViewController\view\interactive\objects\BasicField.cpp" />
    <ClCompile Include="libs\ConsoleViewController\view\View.cpp" />
    <ClCompile Include="libs\ConsoleViewController\controller\Controller.cpp" />
    <ClCompile Include="libs\ConsoleViewController\view\interactive\objects\Selector.cpp" />
  </ItemGroup>
  <ItemGroup>
    <ClInclude Include="models\views\CreateMonsterView.h" />
    <ClInclude Include="models\views\MenuView.h" />
    <ClInclude Include="models\controllers\MainController.h" />
    <ClInclude Include="models\monster\Monster.h" />
    <ClInclude Include="models\monster\Race.h" />
    <ClInclude Include="models\utilities\StringUtility.h" />
    <ClInclude Include="lib\view\interactive\objects\BasicField.h" />
    <ClInclude Include="lib\view\interactive\objects\ImageButton.h" />
    <ClInclude Include="libs\ConsoleViewController\controller\Controller.h" />
    <ClInclude Include="libs\ConsoleViewController\utilities\Utility.h" />
    <ClInclude Include="libs\ConsoleViewController\view\interactive\objects\BasicButton.h" />
    <ClInclude Include="libs\ConsoleViewController\view\interactive\objects\IntField.h" />
    <ClInclude Include="libs\ConsoleViewController\view\interactive\InteractiveObject.h" />
    <ClInclude Include="libs\ConsoleViewController\view\Image.h" />
    <ClInclude Include="libs\ConsoleViewController\view\Screen.h" />
    <ClInclude Include="libs\ConsoleViewController\ConsoleViewController.h" />
    <ClInclude Include="libs\ConsoleViewController\Constants.h" />
    <ClInclude Include="libs\ConsoleViewController\view\View.h" />
    <ClInclude Include="libs\ConsoleViewController\view\interactive\objects\Selector.h" />
    <ClInclude Include="libs\ConsoleViewController\view\interactive\objects\ImageButton.h" />
    <ClInclude Include="libs\ConsoleViewController\view\interactive\objects\BasicField.h" />
  </ItemGroup>
  <ItemGroup>
    <Text Include="assets\images\races\dragon.txt" />
    <Text Include="assets\images\races\elf.txt" />
    <Text Include="assets\images\races\minotour.txt" />
    <Text Include="assets\images\races\phantom.txt" />
    <Text Include="assets\images\races\tribal.txt" />
  </ItemGroup>
  <ItemGroup>
    <None Include="libs\ConsoleViewController\LICENSE" />
    <None Include="libs\ConsoleViewController\README.md" />
  </ItemGroup>
</Project>